
Microsoft Visual Studio Solution File, Format Version 12.00
# Visual Studio Version 17
VisualStudioVersion = 17.6.33815.320
MinimumVisualStudioVersion = 10.0.40219.1
Project("{FAE04EC0-301F-11D3-BF4B-00C04F79EFBC}") = "DapperCRUD", "DapperCRUD\DapperCRUD.csproj", "{6732AB73-DCC9-4379-A39F-83F6E80880EC}"
EndProject
Global
	GlobalSection(SolutionConfigurationPlatforms) = preSolution
		Debug|Any CPU = Debug|Any CPU
		Release|Any CPU = Release|Any CPU
	EndGlobalSection
	GlobalSection(ProjectConfigurationPlatforms) = postSolution
		{6732AB73-DCC9-4379-A39F-83F6E80880EC}.Debug|Any CPU.ActiveCfg = Debug|Any CPU
		{6732AB73-DCC9-4379-A39F-83F6E80880EC}.Debug|Any CPU.Build.0 = Debug|Any CPU
		{6732AB73-DCC9-4379-A39F-83F6E80880EC}.Release|Any CPU.ActiveCfg = Release|Any CPU
		{6732AB73-DCC9-4379-A39F-83F6E80880EC}.Release|Any CPU.Build.0 = Release|Any CPU
	EndGlobalSection
	GlobalSection(SolutionProperties) = preSolution
		HideSolutionNode = FALSE
	EndGlobalSection
	GlobalSection(ExtensibilityGlobals) = postSolution
		SolutionGuid = {31A039AD-CC7D-43CA-B0AF-5BC7AD426770}
	EndGlobalSection
EndGlobal
